
Microsoft Visual Studio Solution File, Format Version 12.00
# Visual Studio 14
VisualStudioVersion = 14.0.24720.0
MinimumVisualStudioVersion = 10.0.40219.1
Project("{FAE04EC0-301F-11D3-BF4B-00C04F79EFBC}") = "Project Delta", "Project Delta\Project Delta.csproj", "{CC9437CE-39C6-47E3-BDD9-9FDFD22F4BDC}"
EndProject
Global
	GlobalSection(SolutionConfigurationPlatforms) = preSolution
		Debug|Any CPU = Debug|Any CPU
		Release|Any CPU = Release|Any CPU
	EndGlobalSection
	GlobalSection(ProjectConfigurationPlatforms) = postSolution
		{CC9437CE-39C6-47E3-BDD9-9FDFD22F4BDC}.Debug|Any CPU.ActiveCfg = Debug|Any CPU
		{CC9437CE-39C6-47E3-BDD9-9FDFD22F4BDC}.Debug|Any CPU.Build.0 = Debug|Any CPU
		{CC9437CE-39C6-47E3-BDD9-9FDFD22F4BDC}.Release|Any CPU.ActiveCfg = Release|Any CPU
		{CC9437CE-39C6-47E3-BDD9-9FDFD22F4BDC}.Release|Any CPU.Build.0 = Release|Any CPU
	EndGlobalSection
	GlobalSection(SolutionProperties) = preSolution
		HideSolutionNode = FALSE
	EndGlobalSection
EndGlobal
