
Microsoft Visual Studio Solution File, Format Version 12.00
# Visual Studio 14
VisualStudioVersion = 14.0.24720.0
MinimumVisualStudioVersion = 10.0.40219.1
Project("{FAE04EC0-301F-11D3-BF4B-00C04F79EFBC}") = "Project Delta SE", "Project Delta SE\Project Delta SE.csproj", "{C905978A-A405-4E64-A692-A57E5BF3A224}"
EndProject
Global
	GlobalSection(SolutionConfigurationPlatforms) = preSolution
		Debug|Any CPU = Debug|Any CPU
		Release|Any CPU = Release|Any CPU
	EndGlobalSection
	GlobalSection(ProjectConfigurationPlatforms) = postSolution
		{C905978A-A405-4E64-A692-A57E5BF3A224}.Debug|Any CPU.ActiveCfg = Debug|Any CPU
		{C905978A-A405-4E64-A692-A57E5BF3A224}.Debug|Any CPU.Build.0 = Debug|Any CPU
		{C905978A-A405-4E64-A692-A57E5BF3A224}.Release|Any CPU.ActiveCfg = Release|Any CPU
		{C905978A-A405-4E64-A692-A57E5BF3A224}.Release|Any CPU.Build.0 = Release|Any CPU
		{C905978A-A405-4E64-A692-A57E5BF3A224}.Release|Any CPU.Deploy.0 = Release|Any CPU
	EndGlobalSection
	GlobalSection(SolutionProperties) = preSolution
		HideSolutionNode = FALSE
	EndGlobalSection
EndGlobal
